
Microsoft Visual Studio Solution File, Format Version 12.00
# Visual Studio Version 17
VisualStudioVersion = 17.4.33110.190
MinimumVisualStudioVersion = 10.0.40219.1
Project("{FAE04EC0-301F-11D3-BF4B-00C04F79EFBC}") = "BSCGAOCBM2022", "BSCGAOCBM2022\BSCGAOCBM2022.csproj", "{5FA9B881-F218-4416-AB7F-13DE42ED75A3}"
EndProject
Global
	GlobalSection(SolutionConfigurationPlatforms) = preSolution
		Debug|Any CPU = Debug|Any CPU
		Release|Any CPU = Release|Any CPU
	EndGlobalSection
	GlobalSection(ProjectConfigurationPlatforms) = postSolution
		{5FA9B881-F218-4416-AB7F-13DE42ED75A3}.Debug|Any CPU.ActiveCfg = Debug|Any CPU
		{5FA9B881-F218-4416-AB7F-13DE42ED75A3}.Debug|Any CPU.Build.0 = Debug|Any CPU
		{5FA9B881-F218-4416-AB7F-13DE42ED75A3}.Release|Any CPU.ActiveCfg = Release|Any CPU
		{5FA9B881-F218-4416-AB7F-13DE42ED75A3}.Release|Any CPU.Build.0 = Release|Any CPU
	EndGlobalSection
	GlobalSection(SolutionProperties) = preSolution
		HideSolutionNode = FALSE
	EndGlobalSection
	GlobalSection(ExtensibilityGlobals) = postSolution
		SolutionGuid = {25BF940F-B79F-4DDE-8AC1-C2E2E27F3E0E}
	EndGlobalSection
EndGlobal
